// !$*UTF8*$!
{
	archiveVersion = 1;
	classes = {
	};
	objectVersion = 56;
	objects = {

/* Begin PBXBuildFile section */
		343BE5FB2CA90E6B00F8937F /* profileApp.swift in Sources */ = {isa = PBXBuildFile; fileRef = 343BE5FA2CA90E6B00F8937F /* profileApp.swift */; };
		343BE5FD2CA90E6B00F8937F /* ContentView.swift in Sources */ = {isa = PBXBuildFile; fileRef = 343BE5FC2CA90E6B00F8937F /* ContentView.swift */; };
		343BE5FF2CA90E6B00F8937F /* Assets.xcassets in Resources */ = {isa = PBXBuildFile; fileRef = 343BE5FE2CA90E6B00F8937F /* Assets.xcassets */; };
		343BE6022CA90E6B00F8937F /* Preview Assets.xcassets in Resources */ = {isa = PBXBuildFile; fileRef = 343BE6012CA90E6B00F8937F /* Preview Assets.xcassets */; };
		343BE60C2CA90E6B00F8937F /* profileTests.swift in Sources */ = {isa = PBXBuildFile; fileRef = 343BE60B2CA90E6B00F8937F /* profileTests.swift */; };
		343BE6162CA90E6B00F8937F /* profileUITests.swift in Sources */ = {isa = PBXBuildFile; fileRef = 343BE6152CA90E6B00F8937F /* profileUITests.swift */; };
		343BE6182CA90E6B00F8937F /* profileUITestsLaunchTests.swift in Sources */ = {isa = PBXBuildFile; fileRef = 343BE6172CA90E6B00F8937F /* profileUITestsLaunchTests.swift */; };
/* End PBXBuildFile section */

/* Begin PBXContainerItemProxy section */
		343BE6082CA90E6B00F8937F /* PBXContainerItemProxy */ = {
			isa = PBXContainerItemProxy;
			containerPortal = 343BE5EF2CA90E6B00F8937F /* Project object */;
			proxyType = 1;
			remoteGlobalIDString = 343BE5F62CA90E6B00F8937F;
			remoteInfo = profile;
		};
		343BE6122CA90E6B00F8937F /* PBXContainerItemProxy */ = {
			isa = PBXContainerItemProxy;
			containerPortal = 343BE5EF2CA90E6B00F8937F /* Project object */;
			proxyType = 1;
			remoteGlobalIDString = 343BE5F62CA90E6B00F8937F;
			remoteInfo = profile;
		};
/* End PBXContainerItemProxy section */

/* Begin PBXFileReference section */
		343BE5F72CA90E6B00F8937F /* profile.app */ = {isa = PBXFileReference; explicitFileType = wrapper.application; includeInIndex = 0; path = profile.app; sourceTree = BUILT_PRODUCTS_DIR; };
		343BE5FA2CA90E6B00F8937F /* profileApp.swift */ = {isa = PBXFileReference; lastKnownFileType = sourcecode.swift; path = profileApp.swift; sourceTree = "<group>"; };
		343BE5FC2CA90E6B00F8937F /* ContentView.swift */ = {isa = PBXFileReference; lastKnownFileType = sourcecode.swift; path = ContentView.swift; sourceTree = "<group>"; };
		343BE5FE2CA90E6B00F8937F /* Assets.xcassets */ = {isa = PBXFileReference; lastKnownFileType = folder.assetcatalog; path = Assets.xcassets; sourceTree = "<group>"; };
		343BE6012CA90E6B00F8937F /* Preview Assets.xcassets */ = {isa = PBXFileReference; lastKnownFileType = folder.assetcatalog; path = "Preview Assets.xcassets"; sourceTree = "<group>"; };
		343BE6072CA90E6B00F8937F /* profileTests.xctest */ = {isa = PBXFileReference; explicitFileType = wrapper.cfbundle; includeInIndex = 0; path = profileTests.xctest; sourceTree = BUILT_PRODUCTS_DIR; };
		343BE60B2CA90E6B00F8937F /* profileTests.swift */ = {isa = PBXFileReference; lastKnownFileType = sourcecode.swift; path = profileTests.swift; sourceTree = "<group>"; };
		343BE6112CA90E6B00F8937F /* profileUITests.xctest */ = {isa = PBXFileReference; explicitFileType = wrapper.cfbundle; includeInIndex = 0; path = profileUITests.xctest; sourceTree = BUILT_PRODUCTS_DIR; };
		343BE6152CA90E6B00F8937F /* profileUITests.swift */ = {isa = PBXFileReference; lastKnownFileType = sourcecode.swift; path = profileUITests.swift; sourceTree = "<group>"; };
		343BE6172CA90E6B00F8937F /* profileUITestsLaunchTests.swift */ = {isa = PBXFileReference; lastKnownFileType = sourcecode.swift; path = profileUITestsLaunchTests.swift; sourceTree = "<group>"; };
/* End PBXFileReference section */

/* Begin PBXFrameworksBuildPhase section */
		343BE5F42CA90E6B00F8937F /* Frameworks */ = {
			isa = PBXFrameworksBuildPhase;
			buildActionMask = 2147483647;
			files = (
			);
			runOnlyForDeploymentPostprocessing = 0;
		};
		343BE6042CA90E6B00F8937F /* Frameworks */ = {
			isa = PBXFrameworksBuildPhase;
			buildActionMask = 2147483647;
			files = (
			);
			runOnlyForDeploymentPostprocessing = 0;
		};
		343BE60E2CA90E6B00F8937F /* Frameworks */ = {
			isa = PBXFrameworksBuildPhase;
			buildActionMask = 2147483647;
			files = (
			);
			runOnlyForDeploymentPostprocessing = 0;
		};
/* End PBXFrameworksBuildPhase section */

/* Begin PBXGroup section */
		343BE5EE2CA90E6B00F8937F = {
			isa = PBXGroup;
			children = (
				343BE5F92CA90E6B00F8937F /* profile */,
				343BE60A2CA90E6B00F8937F /* profileTests */,
				343BE6142CA90E6B00F8937F /* profileUITests */,
				343BE5F82CA90E6B00F8937F /* Products */,
			);
			sourceTree = "<group>";
		};
		343BE5F82CA90E6B00F8937F /* Products */ = {
			isa = PBXGroup;
			children = (
				343BE5F72CA90E6B00F8937F /* profile.app */,
				343BE6072CA90E6B00F8937F /* profileTests.xctest */,
				343BE6112CA90E6B00F8937F /* profileUITests.xctest */,
			);
			name = Products;
			sourceTree = "<group>";
		};
		343BE5F92CA90E6B00F8937F /* profile */ = {
			isa = PBXGroup;
			children = (
				343BE5FA2CA90E6B00F8937F /* profileApp.swift */,
				343BE5FC2CA90E6B00F8937F /* ContentView.swift */,
				343BE5FE2CA90E6B00F8937F /* Assets.xcassets */,
				343BE6002CA90E6B00F8937F /* Preview Content */,
			);
			path = profile;
			sourceTree = "<group>";
		};
		343BE6002CA90E6B00F8937F /* Preview Content */ = {
			isa = PBXGroup;
			children = (
				343BE6012CA90E6B00F8937F /* Preview Assets.xcassets */,
			);
			path = "Preview Content";
			sourceTree = "<group>";
		};
		343BE60A2CA90E6B00F8937F /* profileTests */ = {
			isa = PBXGroup;
			children = (
				343BE60B2CA90E6B00F8937F /* profileTests.swift */,
			);
			path = profileTests;
			sourceTree = "<group>";
		};
		343BE6142CA90E6B00F8937F /* profileUITests */ = {
			isa = PBXGroup;
			children = (
				343BE6152CA90E6B00F8937F /* profileUITests.swift */,
				343BE6172CA90E6B00F8937F /* profileUITestsLaunchTests.swift */,
			);
			path = profileUITests;
			sourceTree = "<group>";
		};
/* End PBXGroup section */

/* Begin PBXNativeTarget section */
		343BE5F62CA90E6B00F8937F /* profile */ = {
			isa = PBXNativeTarget;
			buildConfigurationList = 343BE61B2CA90E6B00F8937F /* Build configuration list for PBXNativeTarget "profile" */;
			buildPhases = (
				343BE5F32CA90E6B00F8937F /* Sources */,
				343BE5F42CA90E6B00F8937F /* Frameworks */,
				343BE5F52CA90E6B00F8937F /* Resources */,
			);
			buildRules = (
			);
			dependencies = (
			);
			name = profile;
			productName = profile;
			productReference = 343BE5F72CA90E6B00F8937F /* profile.app */;
			productType = "com.apple.product-type.application";
		};
		343BE6062CA90E6B00F8937F /* profileTests */ = {
			isa = PBXNativeTarget;
			buildConfigurationList = 343BE61E2CA90E6B00F8937F /* Build configuration list for PBXNativeTarget "profileTests" */;
			buildPhases = (
				343BE6032CA90E6B00F8937F /* Sources */,
				343BE6042CA90E6B00F8937F /* Frameworks */,
				343BE6052CA90E6B00F8937F /* Resources */,
			);
			buildRules = (
			);
			dependencies = (
				343BE6092CA90E6B00F8937F /* PBXTargetDependency */,
			);
			name = profileTests;
			productName = profileTests;
			productReference = 343BE6072CA90E6B00F8937F /* profileTests.xctest */;
			productType = "com.apple.product-type.bundle.unit-test";
		};
		343BE6102CA90E6B00F8937F /* profileUITests */ = {
			isa = PBXNativeTarget;
			buildConfigurationList = 343BE6212CA90E6B00F8937F /* Build configuration list for PBXNativeTarget "profileUITests" */;
			buildPhases = (
				343BE60D2CA90E6B00F8937F /* Sources */,
				343BE60E2CA90E6B00F8937F /* Frameworks */,
				343BE60F2CA90E6B00F8937F /* Resources */,
			);
			buildRules = (
			);
			dependencies = (
				343BE6132CA90E6B00F8937F /* PBXTargetDependency */,
			);
			name = profileUITests;
			productName = profileUITests;
			productReference = 343BE6112CA90E6B00F8937F /* profileUITests.xctest */;
			productType = "com.apple.product-type.bundle.ui-testing";
		};
/* End PBXNativeTarget section */

/* Begin PBXProject section */
		343BE5EF2CA90E6B00F8937F /* Project object */ = {
			isa = PBXProject;
			attributes = {
				BuildIndependentTargetsInParallel = 1;
				LastSwiftUpdateCheck = 1540;
				LastUpgradeCheck = 1540;
				TargetAttributes = {
					343BE5F62CA90E6B00F8937F = {
						CreatedOnToolsVersion = 15.4;
					};
					343BE6062CA90E6B00F8937F = {
						CreatedOnToolsVersion = 15.4;
						TestTargetID = 343BE5F62CA90E6B00F8937F;
					};
					343BE6102CA90E6B00F8937F = {
						CreatedOnToolsVersion = 15.4;
						TestTargetID = 343BE5F62CA90E6B00F8937F;
					};
				};
			};
			buildConfigurationList = 343BE5F22CA90E6B00F8937F /* Build configuration list for PBXProject "profile" */;
			compatibilityVersion = "Xcode 14.0";
			developmentRegion = en;
			hasScannedForEncodings = 0;
			knownRegions = (
				en,
				Base,
			);
			mainGroup = 343BE5EE2CA90E6B00F8937F;
			productRefGroup = 343BE5F82CA90E6B00F8937F /* Products */;
			projectDirPath = "";
			projectRoot = "";
			targets = (
				343BE5F62CA90E6B00F8937F /* profile */,
				343BE6062CA90E6B00F8937F /* profileTests */,
				343BE6102CA90E6B00F8937F /* profileUITests */,
			);
		};
/* End PBXProject section */

/* Begin PBXResourcesBuildPhase section */
		343BE5F52CA90E6B00F8937F /* Resources */ = {
			isa = PBXResourcesBuildPhase;
			buildActionMask = 2147483647;
			files = (
				343BE6022CA90E6B00F8937F /* Preview Assets.xcassets in Resources */,
				343BE5FF2CA90E6B00F8937F /* Assets.xcassets in Resources */,
			);
			runOnlyForDeploymentPostprocessing = 0;
		};
		343BE6052CA90E6B00F8937F /* Resources */ = {
			isa = PBXResourcesBuildPhase;
			buildActionMask = 2147483647;
			files = (
			);
			runOnlyForDeploymentPostprocessing = 0;
		};
		343BE60F2CA90E6B00F8937F /* Resources */ = {
			isa = PBXResourcesBuildPhase;
			buildActionMask = 2147483647;
			files = (
			);
			runOnlyForDeploymentPostprocessing = 0;
		};
/* End PBXResourcesBuildPhase section */

/* Begin PBXSourcesBuildPhase section */
		343BE5F32CA90E6B00F8937F /* Sources */ = {
			isa = PBXSourcesBuildPhase;
			buildActionMask = 2147483647;
			files = (
				343BE5FD2CA90E6B00F8937F /* ContentView.swift in Sources */,
				343BE5FB2CA90E6B00F8937F /* profileApp.swift in Sources */,
			);
			runOnlyForDeploymentPostprocessing = 0;
		};
		343BE6032CA90E6B00F8937F /* Sources */ = {
			isa = PBXSourcesBuildPhase;
			buildActionMask = 2147483647;
			files = (
				343BE60C2CA90E6B00F8937F /* profileTests.swift in Sources */,
			);
			runOnlyForDeploymentPostprocessing = 0;
		};
		343BE60D2CA90E6B00F8937F /* Sources */ = {
			isa = PBXSourcesBuildPhase;
			buildActionMask = 2147483647;
			files = (
				343BE6182CA90E6B00F8937F /* profileUITestsLaunchTests.swift in Sources */,
				343BE6162CA90E6B00F8937F /* profileUITests.swift in Sources */,
			);
			runOnlyForDeploymentPostprocessing = 0;
		};
/* End PBXSourcesBuildPhase section */

/* Begin PBXTargetDependency section */
		343BE6092CA90E6B00F8937F /* PBXTargetDependency */ = {
			isa = PBXTargetDependency;
			target = 343BE5F62CA90E6B00F8937F /* profile */;
			targetProxy = 343BE6082CA90E6B00F8937F /* PBXContainerItemProxy */;
		};
		343BE6132CA90E6B00F8937F /* PBXTargetDependency */ = {
			isa = PBXTargetDependency;
			target = 343BE5F62CA90E6B00F8937F /* profile */;
			targetProxy = 343BE6122CA90E6B00F8937F /* PBXContainerItemProxy */;
		};
/* End PBXTargetDependency section */

/* Begin XCBuildConfiguration section */
		343BE6192CA90E6B00F8937F /* Debug */ = {
			isa = XCBuildConfiguration;
			buildSettings = {
				ALWAYS_SEARCH_USER_PATHS = NO;
				ASSETCATALOG_COMPILER_GENERATE_SWIFT_ASSET_SYMBOL_EXTENSIONS = YES;
				CLANG_ANALYZER_NONNULL = YES;
				CLANG_ANALYZER_NUMBER_OBJECT_CONVERSION = YES_AGGRESSIVE;
				CLANG_CXX_LANGUAGE_STANDARD = "gnu++20";
				CLANG_ENABLE_MODULES = YES;
				CLANG_ENABLE_OBJC_ARC = YES;
				CLANG_ENABLE_OBJC_WEAK = YES;
				CLANG_WARN_BLOCK_CAPTURE_AUTORELEASING = YES;
				CLANG_WARN_BOOL_CONVERSION = YES;
				CLANG_WARN_COMMA = YES;
				CLANG_WARN_CONSTANT_CONVERSION = YES;
				CLANG_WARN_DEPRECATED_OBJC_IMPLEMENTATIONS = YES;
				CLANG_WARN_DIRECT_OBJC_ISA_USAGE = YES_ERROR;
				CLANG_WARN_DOCUMENTATION_COMMENTS = YES;
				CLANG_WARN_EMPTY_BODY = YES;
				CLANG_WARN_ENUM_CONVERSION = YES;
				CLANG_WARN_INFINITE_RECURSION = YES;
				CLANG_WARN_INT_CONVERSION = YES;
				CLANG_WARN_NON_LITERAL_NULL_CONVERSION = YES;
				CLANG_WARN_OBJC_IMPLICIT_RETAIN_SELF = YES;
				CLANG_WARN_OBJC_LITERAL_CONVERSION = YES;
				CLANG_WARN_OBJC_ROOT_CLASS = YES_ERROR;
				CLANG_WARN_QUOTED_INCLUDE_IN_FRAMEWORK_HEADER = YES;
				CLANG_WARN_RANGE_LOOP_ANALYSIS = YES;
				CLANG_WARN_STRICT_PROTOTYPES = YES;
				CLANG_WARN_SUSPICIOUS_MOVE = YES;
				CLANG_WARN_UNGUARDED_AVAILABILITY = YES_AGGRESSIVE;
				CLANG_WARN_UNREACHABLE_CODE = YES;
				CLANG_WARN__DUPLICATE_METHOD_MATCH = YES;
				COPY_PHASE_STRIP = NO;
				DEBUG_INFORMATION_FORMAT = dwarf;
				ENABLE_STRICT_OBJC_MSGSEND = YES;
				ENABLE_TESTABILITY = YES;
				ENABLE_USER_SCRIPT_SANDBOXING = YES;
				GCC_C_LANGUAGE_STANDARD = gnu17;
				GCC_DYNAMIC_NO_PIC = NO;
				GCC_NO_COMMON_BLOCKS = YES;
				GCC_OPTIMIZATION_LEVEL = 0;
				GCC_PREPROCESSOR_DEFINITIONS = (
					"DEBUG=1",
					"$(inherited)",
				);
				GCC_WARN_64_TO_32_BIT_CONVERSION = YES;
				GCC_WARN_ABOUT_RETURN_TYPE = YES_ERROR;
				GCC_WARN_UNDECLARED_SELECTOR = YES;
				GCC_WARN_UNINITIALIZED_AUTOS = YES_AGGRESSIVE;
				GCC_WARN_UNUSED_FUNCTION = YES;
				GCC_WARN_UNUSED_VARIABLE = YES;
				IPHONEOS_DEPLOYMENT_TARGET = 17.5;
				LOCALIZATION_PREFERS_STRING_CATALOGS = YES;
				MTL_ENABLE_DEBUG_INFO = INCLUDE_SOURCE;
				MTL_FAST_MATH = YES;
				ONLY_ACTIVE_ARCH = YES;
				SDKROOT = iphoneos;
				SWIFT_ACTIVE_COMPILATION_CONDITIONS = "DEBUG $(inherited)";
				SWIFT_OPTIMIZATION_LEVEL = "-Onone";
			};
			name = Debug;
		};
		343BE61A2CA90E6B00F8937F /* Release */ = {
			isa = XCBuildConfiguration;
			buildSettings = {
				ALWAYS_SEARCH_USER_PATHS = NO;
				ASSETCATALOG_COMPILER_GENERATE_SWIFT_ASSET_SYMBOL_EXTENSIONS = YES;
				CLANG_ANALYZER_NONNULL = YES;
				CLANG_ANALYZER_NUMBER_OBJECT_CONVERSION = YES_AGGRESSIVE;
				CLANG_CXX_LANGUAGE_STANDARD = "gnu++20";
				CLANG_ENABLE_MODULES = YES;
				CLANG_ENABLE_OBJC_ARC = YES;
				CLANG_ENABLE_OBJC_WEAK = YES;
				CLANG_WARN_BLOCK_CAPTURE_AUTORELEASING = YES;
				CLANG_WARN_BOOL_CONVERSION = YES;
				CLANG_WARN_COMMA = YES;
				CLANG_WARN_CONSTANT_CONVERSION = YES;
				CLANG_WARN_DEPRECATED_OBJC_IMPLEMENTATIONS = YES;
				CLANG_WARN_DIRECT_OBJC_ISA_USAGE = YES_ERROR;
				CLANG_WARN_DOCUMENTATION_COMMENTS = YES;
				CLANG_WARN_EMPTY_BODY = YES;
				CLANG_WARN_ENUM_CONVERSION = YES;
				CLANG_WARN_INFINITE_RECURSION = YES;
				CLANG_WARN_INT_CONVERSION = YES;
				CLANG_WARN_NON_LITERAL_NULL_CONVERSION = YES;
				CLANG_WARN_OBJC_IMPLICIT_RETAIN_SELF = YES;
				CLANG_WARN_OBJC_LITERAL_CONVERSION = YES;
				CLANG_WARN_OBJC_ROOT_CLASS = YES_ERROR;
				CLANG_WARN_QUOTED_INCLUDE_IN_FRAMEWORK_HEADER = YES;
				CLANG_WARN_RANGE_LOOP_ANALYSIS = YES;
				CLANG_WARN_STRICT_PROTOTYPES = YES;
				CLANG_WARN_SUSPICIOUS_MOVE = YES;
				CLANG_WARN_UNGUARDED_AVAILABILITY = YES_AGGRESSIVE;
				CLANG_WARN_UNREACHABLE_CODE = YES;
				CLANG_WARN__DUPLICATE_METHOD_MATCH = YES;
				COPY_PHASE_STRIP = NO;
				DEBUG_INFORMATION_FORMAT = "dwarf-with-dsym";
				ENABLE_NS_ASSERTIONS = NO;
				ENABLE_STRICT_OBJC_MSGSEND = YES;
				ENABLE_USER_SCRIPT_SANDBOXING = YES;
				GCC_C_LANGUAGE_STANDARD = gnu17;
				GCC_NO_COMMON_BLOCKS = YES;
				GCC_WARN_64_TO_32_BIT_CONVERSION = YES;
				GCC_WARN_ABOUT_RETURN_TYPE = YES_ERROR;
				GCC_WARN_UNDECLARED_SELECTOR = YES;
				GCC_WARN_UNINITIALIZED_AUTOS = YES_AGGRESSIVE;
				GCC_WARN_UNUSED_FUNCTION = YES;
				GCC_WARN_UNUSED_VARIABLE = YES;
				IPHONEOS_DEPLOYMENT_TARGET = 17.5;
				LOCALIZATION_PREFERS_STRING_CATALOGS = YES;
				MTL_ENABLE_DEBUG_INFO = NO;
				MTL_FAST_MATH = YES;
				SDKROOT = iphoneos;
				SWIFT_COMPILATION_MODE = wholemodule;
				VALIDATE_PRODUCT = YES;
			};
			name = Release;
		};
		343BE61C2CA90E6B00F8937F /* Debug */ = {
			isa = XCBuildConfiguration;
			buildSettings = {
				ASSETCATALOG_COMPILER_APPICON_NAME = AppIcon;
				ASSETCATALOG_COMPILER_GLOBAL_ACCENT_COLOR_NAME = AccentColor;
				CODE_SIGN_STYLE = Automatic;
				CURRENT_PROJECT_VERSION = 1;
				DEVELOPMENT_ASSET_PATHS = "\"profile/Preview Content\"";
				ENABLE_PREVIEWS = YES;
				GENERATE_INFOPLIST_FILE = YES;
				INFOPLIST_KEY_UIApplicationSceneManifest_Generation = YES;
				INFOPLIST_KEY_UIApplicationSupportsIndirectInputEvents = YES;
				INFOPLIST_KEY_UILaunchScreen_Generation = YES;
				INFOPLIST_KEY_UISupportedInterfaceOrientations_iPad = "UIInterfaceOrientationPortrait UIInterfaceOrientationPortraitUpsideDown UIInterfaceOrientationLandscapeLeft UIInterfaceOrientationLandscapeRight";
				INFOPLIST_KEY_UISupportedInterfaceOrientations_iPhone = "UIInterfaceOrientationPortrait UIInterfaceOrientationLandscapeLeft UIInterfaceOrientationLandscapeRight";
				LD_RUNPATH_SEARCH_PATHS = (
					"$(inherited)",
					"@executable_path/Frameworks",
				);
				MARKETING_VERSION = 1.0;
				PRODUCT_BUNDLE_IDENTIFIER = TWQ.profile;
				PRODUCT_NAME = "$(TARGET_NAME)";
				SWIFT_EMIT_LOC_STRINGS = YES;
				SWIFT_VERSION = 5.0;
				TARGETED_DEVICE_FAMILY = "1,2";
			};
			name = Debug;
		};
		343BE61D2CA90E6B00F8937F /* Release */ = {
			isa = XCBuildConfiguration;
			buildSettings = {
				ASSETCATALOG_COMPILER_APPICON_NAME = AppIcon;
				ASSETCATALOG_COMPILER_GLOBAL_ACCENT_COLOR_NAME = AccentColor;
				CODE_SIGN_STYLE = Automatic;
				CURRENT_PROJECT_VERSION = 1;
				DEVELOPMENT_ASSET_PATHS = "\"profile/Preview Content\"";
				ENABLE_PREVIEWS = YES;
				GENERATE_INFOPLIST_FILE = YES;
				INFOPLIST_KEY_UIApplicationSceneManifest_Generation = YES;
				INFOPLIST_KEY_UIApplicationSupportsIndirectInputEvents = YES;
				INFOPLIST_KEY_UILaunchScreen_Generation = YES;
				INFOPLIST_KEY_UISupportedInterfaceOrientations_iPad = "UIInterfaceOrientationPortrait UIInterfaceOrientationPortraitUpsideDown UIInterfaceOrientationLandscapeLeft UIInterfaceOrientationLandscapeRight";
				INFOPLIST_KEY_UISupportedInterfaceOrientations_iPhone = "UIInterfaceOrientationPortrait UIInterfaceOrientationLandscapeLeft UIInterfaceOrientationLandscapeRight";
				LD_RUNPATH_SEARCH_PATHS = (
					"$(inherited)",
					"@executable_path/Frameworks",
				);
				MARKETING_VERSION = 1.0;
				PRODUCT_BUNDLE_IDENTIFIER = TWQ.profile;
				PRODUCT_NAME = "$(TARGET_NAME)";
				SWIFT_EMIT_LOC_STRINGS = YES;
				SWIFT_VERSION = 5.0;
				TARGETED_DEVICE_FAMILY = "1,2";
			};
			name = Release;
		};
		343BE61F2CA90E6B00F8937F /* Debug */ = {
			isa = XCBuildConfiguration;
			buildSettings = {
				ALWAYS_EMBED_SWIFT_STANDARD_LIBRARIES = YES;
				BUNDLE_LOADER = "$(TEST_HOST)";
				CODE_SIGN_STYLE = Automatic;
				CURRENT_PROJECT_VERSION = 1;
				GENERATE_INFOPLIST_FILE = YES;
				IPHONEOS_DEPLOYMENT_TARGET = 17.5;
				MARKETING_VERSION = 1.0;
				PRODUCT_BUNDLE_IDENTIFIER = TWQ.profileTests;
				PRODUCT_NAME = "$(TARGET_NAME)";
				SWIFT_EMIT_LOC_STRINGS = NO;
				SWIFT_VERSION = 5.0;
				TARGETED_DEVICE_FAMILY = "1,2";
				TEST_HOST = "$(BUILT_PRODUCTS_DIR)/profile.app/$(BUNDLE_EXECUTABLE_FOLDER_PATH)/profile";
			};
			name = Debug;
		};
		343BE6202CA90E6B00F8937F /* Release */ = {
			isa = XCBuildConfiguration;
			buildSettings = {
				ALWAYS_EMBED_SWIFT_STANDARD_LIBRARIES = YES;
				BUNDLE_LOADER = "$(TEST_HOST)";
				CODE_SIGN_STYLE = Automatic;
				CURRENT_PROJECT_VERSION = 1;
				GENERATE_INFOPLIST_FILE = YES;
				IPHONEOS_DEPLOYMENT_TARGET = 17.5;
				MARKETING_VERSION = 1.0;
				PRODUCT_BUNDLE_IDENTIFIER = TWQ.profileTests;
				PRODUCT_NAME = "$(TARGET_NAME)";
				SWIFT_EMIT_LOC_STRINGS = NO;
				SWIFT_VERSION = 5.0;
				TARGETED_DEVICE_FAMILY = "1,2";
				TEST_HOST = "$(BUILT_PRODUCTS_DIR)/profile.app/$(BUNDLE_EXECUTABLE_FOLDER_PATH)/profile";
			};
			name = Release;
		};
		343BE6222CA90E6B00F8937F /* Debug */ = {
			isa = XCBuildConfiguration;
			buildSettings = {
				ALWAYS_EMBED_SWIFT_STANDARD_LIBRARIES = YES;
				CODE_SIGN_STYLE = Automatic;
				CURRENT_PROJECT_VERSION = 1;
				GENERATE_INFOPLIST_FILE = YES;
				MARKETING_VERSION = 1.0;
				PRODUCT_BUNDLE_IDENTIFIER = TWQ.profileUITests;
				PRODUCT_NAME = "$(TARGET_NAME)";
				SWIFT_EMIT_LOC_STRINGS = NO;
				SWIFT_VERSION = 5.0;
				TARGETED_DEVICE_FAMILY = "1,2";
				TEST_TARGET_NAME = profile;
			};
			name = Debug;
		};
		343BE6232CA90E6B00F8937F /* Release */ = {
			isa = XCBuildConfiguration;
			buildSettings = {
				ALWAYS_EMBED_SWIFT_STANDARD_LIBRARIES = YES;
				CODE_SIGN_STYLE = Automatic;
				CURRENT_PROJECT_VERSION = 1;
				GENERATE_INFOPLIST_FILE = YES;
				MARKETING_VERSION = 1.0;
				PRODUCT_BUNDLE_IDENTIFIER = TWQ.profileUITests;
				PRODUCT_NAME = "$(TARGET_NAME)";
				SWIFT_EMIT_LOC_STRINGS = NO;
				SWIFT_VERSION = 5.0;
				TARGETED_DEVICE_FAMILY = "1,2";
				TEST_TARGET_NAME = profile;
			};
			name = Release;
		};
/* End XCBuildConfiguration section */

/* Begin XCConfigurationList section */
		343BE5F22CA90E6B00F8937F /* Build configuration list for PBXProject "profile" */ = {
			isa = XCConfigurationList;
			buildConfigurations = (
				343BE6192CA90E6B00F8937F /* Debug */,
				343BE61A2CA90E6B00F8937F /* Release */,
			);
			defaultConfigurationIsVisible = 0;
			defaultConfigurationName = Release;
		};
		343BE61B2CA90E6B00F8937F /* Build configuration list for PBXNativeTarget "profile" */ = {
			isa = XCConfigurationList;
			buildConfigurations = (
				343BE61C2CA90E6B00F8937F /* Debug */,
				343BE61D2CA90E6B00F8937F /* Release */,
			);
			defaultConfigurationIsVisible = 0;
			defaultConfigurationName = Release;
		};
		343BE61E2CA90E6B00F8937F /* Build configuration list for PBXNativeTarget "profileTests" */ = {
			isa = XCConfigurationList;
			buildConfigurations = (
				343BE61F2CA90E6B00F8937F /* Debug */,
				343BE6202CA90E6B00F8937F /* Release */,
			);
			defaultConfigurationIsVisible = 0;
			defaultConfigurationName = Release;
		};
		343BE6212CA90E6B00F8937F /* Build configuration list for PBXNativeTarget "profileUITests" */ = {
			isa = XCConfigurationList;
			buildConfigurations = (
				343BE6222CA90E6B00F8937F /* Debug */,
				343BE6232CA90E6B00F8937F /* Release */,
			);
			defaultConfigurationIsVisible = 0;
			defaultConfigurationName = Release;
		};
/* End XCConfigurationList section */
	};
	rootObject = 343BE5EF2CA90E6B00F8937F /* Project object */;
}
